
Microsoft Visual Studio Solution File, Format Version 12.00
# Visual Studio 15
VisualStudioVersion = 15.0.28010.2048
MinimumVisualStudioVersion = 10.0.40219.1
Project("{FAE04EC0-301F-11D3-BF4B-00C04F79EFBC}") = "OYMLCN.Aliyun", "OYMLCN.Aliyun\OYMLCN.Aliyun.csproj", "{4603632D-5487-4C9A-9E52-4DA74C734E2F}"
EndProject
Project("{9A19103F-16F7-4668-BE54-9A1E7A4F7556}") = "OYMLCN.Extension", "..\OYMLCN.Extension\OYMLCN.Extension\OYMLCN.Extension.csproj", "{77AE8669-AD76-46E4-AD13-7CDBA522A6D7}"
EndProject
Project("{9A19103F-16F7-4668-BE54-9A1E7A4F7556}") = "OYMLCN.Extension.Json", "..\OYMLCN.Extension\OYMLCN.Extension.Json\OYMLCN.Extension.Json.csproj", "{F2AC9E9A-4798-4616-BEAC-4CDB4D8C7FB0}"
EndProject
Project("{9A19103F-16F7-4668-BE54-9A1E7A4F7556}") = "OYMLCN.Extension.Encrypt", "..\OYMLCN.Extension\OYMLCN.Extension.Encrypt\OYMLCN.Extension.Encrypt.csproj", "{39DD5F63-BECB-40F7-BECA-438890D7FAFE}"
EndProject
Project("{FAE04EC0-301F-11D3-BF4B-00C04F79EFBC}") = "OYMLCN.AspNetCore.Aliyun", "OYMLCN.AspNetCore.Aliyun\OYMLCN.AspNetCore.Aliyun.csproj", "{C5D07013-4265-46EF-AAB1-D3E516DC942C}"
EndProject
Global
	GlobalSection(SolutionConfigurationPlatforms) = preSolution
		Debug|Any CPU = Debug|Any CPU
		Release|Any CPU = Release|Any CPU
	EndGlobalSection
	GlobalSection(ProjectConfigurationPlatforms) = postSolution
		{4603632D-5487-4C9A-9E52-4DA74C734E2F}.Debug|Any CPU.ActiveCfg = Debug|Any CPU
		{4603632D-5487-4C9A-9E52-4DA74C734E2F}.Debug|Any CPU.Build.0 = Debug|Any CPU
		{4603632D-5487-4C9A-9E52-4DA74C734E2F}.Release|Any CPU.ActiveCfg = Release|Any CPU
		{4603632D-5487-4C9A-9E52-4DA74C734E2F}.Release|Any CPU.Build.0 = Release|Any CPU
		{77AE8669-AD76-46E4-AD13-7CDBA522A6D7}.Debug|Any CPU.ActiveCfg = Debug|Any CPU
		{77AE8669-AD76-46E4-AD13-7CDBA522A6D7}.Debug|Any CPU.Build.0 = Debug|Any CPU
		{77AE8669-AD76-46E4-AD13-7CDBA522A6D7}.Release|Any CPU.ActiveCfg = Release|Any CPU
		{77AE8669-AD76-46E4-AD13-7CDBA522A6D7}.Release|Any CPU.Build.0 = Release|Any CPU
		{F2AC9E9A-4798-4616-BEAC-4CDB4D8C7FB0}.Debug|Any CPU.ActiveCfg = Debug|Any CPU
		{F2AC9E9A-4798-4616-BEAC-4CDB4D8C7FB0}.Debug|Any CPU.Build.0 = Debug|Any CPU
		{F2AC9E9A-4798-4616-BEAC-4CDB4D8C7FB0}.Release|Any CPU.ActiveCfg = Release|Any CPU
		{F2AC9E9A-4798-4616-BEAC-4CDB4D8C7FB0}.Release|Any CPU.Build.0 = Release|Any CPU
		{39DD5F63-BECB-40F7-BECA-438890D7FAFE}.Debug|Any CPU.ActiveCfg = Debug|Any CPU
		{39DD5F63-BECB-40F7-BECA-438890D7FAFE}.Debug|Any CPU.Build.0 = Debug|Any CPU
		{39DD5F63-BECB-40F7-BECA-438890D7FAFE}.Release|Any CPU.ActiveCfg = Release|Any CPU
		{39DD5F63-BECB-40F7-BECA-438890D7FAFE}.Release|Any CPU.Build.0 = Release|Any CPU
		{C5D07013-4265-46EF-AAB1-D3E516DC942C}.Debug|Any CPU.ActiveCfg = Debug|Any CPU
		{C5D07013-4265-46EF-AAB1-D3E516DC942C}.Debug|Any CPU.Build.0 = Debug|Any CPU
		{C5D07013-4265-46EF-AAB1-D3E516DC942C}.Release|Any CPU.ActiveCfg = Release|Any CPU
		{C5D07013-4265-46EF-AAB1-D3E516DC942C}.Release|Any CPU.Build.0 = Release|Any CPU
	EndGlobalSection
	GlobalSection(SolutionProperties) = preSolution
		HideSolutionNode = FALSE
	EndGlobalSection
	GlobalSection(ExtensibilityGlobals) = postSolution
		SolutionGuid = {85208F3E-D218-4C2A-8EEF-B1DAB1285450}
	EndGlobalSection
EndGlobal
